
Microsoft Visual Studio Solution File, Format Version 12.00
# Visual Studio Version 17
VisualStudioVersion = 17.7.34009.444
MinimumVisualStudioVersion = 10.0.40219.1
Project("{FAE04EC0-301F-11D3-BF4B-00C04F79EFBC}") = "Background trigger test", "Background trigger test\Background trigger test.csproj", "{6B50FB87-289B-42E5-84C9-1E0534CD7883}"
EndProject
Global
	GlobalSection(SolutionConfigurationPlatforms) = preSolution
		Debug|Any CPU = Debug|Any CPU
		Release|Any CPU = Release|Any CPU
	EndGlobalSection
	GlobalSection(ProjectConfigurationPlatforms) = postSolution
		{6B50FB87-289B-42E5-84C9-1E0534CD7883}.Debug|Any CPU.ActiveCfg = Debug|Any CPU
		{6B50FB87-289B-42E5-84C9-1E0534CD7883}.Debug|Any CPU.Build.0 = Debug|Any CPU
		{6B50FB87-289B-42E5-84C9-1E0534CD7883}.Release|Any CPU.ActiveCfg = Release|Any CPU
		{6B50FB87-289B-42E5-84C9-1E0534CD7883}.Release|Any CPU.Build.0 = Release|Any CPU
	EndGlobalSection
	GlobalSection(SolutionProperties) = preSolution
		HideSolutionNode = FALSE
	EndGlobalSection
	GlobalSection(ExtensibilityGlobals) = postSolution
		SolutionGuid = {71912BC6-6CA6-4E8C-AECC-C831724A2916}
	EndGlobalSection
EndGlobal
